
Microsoft Visual Studio Solution File, Format Version 12.00
# Visual Studio 14
VisualStudioVersion = 14.0.25123.0
MinimumVisualStudioVersion = 10.0.40219.1
Project("{FAE04EC0-301F-11D3-BF4B-00C04F79EFBC}") = "Motion Teach-In", "Motion Teach-In\Motion Teach-In.csproj", "{18BE28EF-DE74-42F8-9609-FE6C570E737D}"
EndProject
Project("{FAE04EC0-301F-11D3-BF4B-00C04F79EFBC}") = "Motion Model", "Motion Logik\Motion Model.csproj", "{DF63C529-FB36-4F6B-99CA-446F8965F7CB}"
EndProject
Project("{FAE04EC0-301F-11D3-BF4B-00C04F79EFBC}") = "Motion View", "Motion View\Motion View.csproj", "{E4F4CB0C-716E-460A-B2B7-D04059785285}"
EndProject
Global
	GlobalSection(SolutionConfigurationPlatforms) = preSolution
		Debug|Any CPU = Debug|Any CPU
		Release|Any CPU = Release|Any CPU
	EndGlobalSection
	GlobalSection(ProjectConfigurationPlatforms) = postSolution
		{18BE28EF-DE74-42F8-9609-FE6C570E737D}.Debug|Any CPU.ActiveCfg = Debug|Any CPU
		{18BE28EF-DE74-42F8-9609-FE6C570E737D}.Debug|Any CPU.Build.0 = Debug|Any CPU
		{18BE28EF-DE74-42F8-9609-FE6C570E737D}.Release|Any CPU.ActiveCfg = Release|Any CPU
		{18BE28EF-DE74-42F8-9609-FE6C570E737D}.Release|Any CPU.Build.0 = Release|Any CPU
		{DF63C529-FB36-4F6B-99CA-446F8965F7CB}.Debug|Any CPU.ActiveCfg = Debug|Any CPU
		{DF63C529-FB36-4F6B-99CA-446F8965F7CB}.Debug|Any CPU.Build.0 = Debug|Any CPU
		{DF63C529-FB36-4F6B-99CA-446F8965F7CB}.Release|Any CPU.ActiveCfg = Release|Any CPU
		{DF63C529-FB36-4F6B-99CA-446F8965F7CB}.Release|Any CPU.Build.0 = Release|Any CPU
		{E4F4CB0C-716E-460A-B2B7-D04059785285}.Debug|Any CPU.ActiveCfg = Debug|Any CPU
		{E4F4CB0C-716E-460A-B2B7-D04059785285}.Debug|Any CPU.Build.0 = Debug|Any CPU
		{E4F4CB0C-716E-460A-B2B7-D04059785285}.Release|Any CPU.ActiveCfg = Release|Any CPU
		{E4F4CB0C-716E-460A-B2B7-D04059785285}.Release|Any CPU.Build.0 = Release|Any CPU
	EndGlobalSection
	GlobalSection(SolutionProperties) = preSolution
		HideSolutionNode = FALSE
	EndGlobalSection
EndGlobal
